// !$*UTF8*$!
{
	archiveVersion = 1;
	classes = {
	};
	objectVersion = 46;
	objects = {

/* Begin PBXBuildFile section */
		540982531ABB1AD500641B77 /* VC_CollectionView.swift in Sources */ = {isa = PBXBuildFile; fileRef = 540982521ABB1AD500641B77 /* VC_CollectionView.swift */; };
		540982551ABB326600641B77 /* VC_BigPicture.swift in Sources */ = {isa = PBXBuildFile; fileRef = 540982541ABB326600641B77 /* VC_BigPicture.swift */; };
		543B3F911AA927190009F693 /* VC_BonsaiViewController.swift in Sources */ = {isa = PBXBuildFile; fileRef = 543B3F8E1AA927190009F693 /* VC_BonsaiViewController.swift */; };
		543B3F921AA927190009F693 /* VC_DetailView.swift in Sources */ = {isa = PBXBuildFile; fileRef = 543B3F8F1AA927190009F693 /* VC_DetailView.swift */; };
		543B3F931AA927190009F693 /* ViewController.swift in Sources */ = {isa = PBXBuildFile; fileRef = 543B3F901AA927190009F693 /* ViewController.swift */; };
		543B3F961AA928240009F693 /* VC_LogsTableView.swift in Sources */ = {isa = PBXBuildFile; fileRef = 543B3F951AA928240009F693 /* VC_LogsTableView.swift */; };
		548733571AC45B0000267D89 /* bonsai-icon_peke.png in Resources */ = {isa = PBXBuildFile; fileRef = 548733561AC45B0000267D89 /* bonsai-icon_peke.png */; };
		548733591AC45D2100267D89 /* VC_NewSpecie.swift in Sources */ = {isa = PBXBuildFile; fileRef = 548733581AC45D2100267D89 /* VC_NewSpecie.swift */; };
		5487335B1AC4663D00267D89 /* bonsai_img.png in Resources */ = {isa = PBXBuildFile; fileRef = 5487335A1AC4663D00267D89 /* bonsai_img.png */; };
		548A31541AB2152500AF2E72 /* VC_MyCustomCell.swift in Sources */ = {isa = PBXBuildFile; fileRef = 548A31531AB2152500AF2E72 /* VC_MyCustomCell.swift */; };
		54A282A01AA4D78E0060DA60 /* AppDelegate.swift in Sources */ = {isa = PBXBuildFile; fileRef = 54A2829F1AA4D78E0060DA60 /* AppDelegate.swift */; };
		54A282A51AA4D78E0060DA60 /* Main.storyboard in Resources */ = {isa = PBXBuildFile; fileRef = 54A282A31AA4D78E0060DA60 /* Main.storyboard */; };
		54A282A71AA4D78E0060DA60 /* Images.xcassets in Resources */ = {isa = PBXBuildFile; fileRef = 54A282A61AA4D78E0060DA60 /* Images.xcassets */; };
		54A282AA1AA4D78E0060DA60 /* LaunchScreen.xib in Resources */ = {isa = PBXBuildFile; fileRef = 54A282A81AA4D78E0060DA60 /* LaunchScreen.xib */; };
		54A282B61AA4D78E0060DA60 /* ElQuintoPinoTests.swift in Sources */ = {isa = PBXBuildFile; fileRef = 54A282B51AA4D78E0060DA60 /* ElQuintoPinoTests.swift */; };
		54C579551AAA50DD001BD075 /* CSpecie.swift in Sources */ = {isa = PBXBuildFile; fileRef = 54C579541AAA50DD001BD075 /* CSpecie.swift */; };
		54D202091AA6277F005884EC /* default.png in Resources */ = {isa = PBXBuildFile; fileRef = 54D202081AA6277F005884EC /* default.png */; };
		54D2020B1AA6416C005884EC /* CBonsai.swift in Sources */ = {isa = PBXBuildFile; fileRef = 54D2020A1AA6416C005884EC /* CBonsai.swift */; };
		54DA874F1ABC6B4600C324A9 /* VC_ImageController.swift in Sources */ = {isa = PBXBuildFile; fileRef = 54DA874E1ABC6B4600C324A9 /* VC_ImageController.swift */; };
		54FD92F51AB32C2900E845AE /* BonsaiConverter.swift in Sources */ = {isa = PBXBuildFile; fileRef = 54FD92F41AB32C2900E845AE /* BonsaiConverter.swift */; };
		54FD92FD1AB3479F00E845AE /* calendar-icon.png in Resources */ = {isa = PBXBuildFile; fileRef = 54FD92F81AB3479F00E845AE /* calendar-icon.png */; };
		54FD92FE1AB3479F00E845AE /* logs-icon.png in Resources */ = {isa = PBXBuildFile; fileRef = 54FD92F91AB3479F00E845AE /* logs-icon.png */; };
		54FD92FF1AB3479F00E845AE /* pots-icon.png in Resources */ = {isa = PBXBuildFile; fileRef = 54FD92FA1AB3479F00E845AE /* pots-icon.png */; };
		54FD93001AB3479F00E845AE /* statistics-icon.png in Resources */ = {isa = PBXBuildFile; fileRef = 54FD92FB1AB3479F00E845AE /* statistics-icon.png */; };
/* End PBXBuildFile section */

/* Begin PBXContainerItemProxy section */
		54A282B01AA4D78E0060DA60 /* PBXContainerItemProxy */ = {
			isa = PBXContainerItemProxy;
			containerPortal = 54A282921AA4D78E0060DA60 /* Project object */;
			proxyType = 1;
			remoteGlobalIDString = 54A282991AA4D78E0060DA60;
			remoteInfo = ElQuintoPino;
		};
/* End PBXContainerItemProxy section */

/* Begin PBXFileReference section */
		540982521ABB1AD500641B77 /* VC_CollectionView.swift */ = {isa = PBXFileReference; fileEncoding = 4; lastKnownFileType = sourcecode.swift; path = VC_CollectionView.swift; sourceTree = "<group>"; };
		540982541ABB326600641B77 /* VC_BigPicture.swift */ = {isa = PBXFileReference; fileEncoding = 4; lastKnownFileType = sourcecode.swift; path = VC_BigPicture.swift; sourceTree = "<group>"; };
		543B3F8E1AA927190009F693 /* VC_BonsaiViewController.swift */ = {isa = PBXFileReference; fileEncoding = 4; lastKnownFileType = sourcecode.swift; path = VC_BonsaiViewController.swift; sourceTree = "<group>"; };
		543B3F8F1AA927190009F693 /* VC_DetailView.swift */ = {isa = PBXFileReference; fileEncoding = 4; lastKnownFileType = sourcecode.swift; path = VC_DetailView.swift; sourceTree = "<group>"; };
		543B3F901AA927190009F693 /* ViewController.swift */ = {isa = PBXFileReference; fileEncoding = 4; lastKnownFileType = sourcecode.swift; path = ViewController.swift; sourceTree = "<group>"; };
		543B3F951AA928240009F693 /* VC_LogsTableView.swift */ = {isa = PBXFileReference; fileEncoding = 4; lastKnownFileType = sourcecode.swift; path = VC_LogsTableView.swift; sourceTree = "<group>"; };
		548733561AC45B0000267D89 /* bonsai-icon_peke.png */ = {isa = PBXFileReference; lastKnownFileType = image.png; path = "bonsai-icon_peke.png"; sourceTree = "<group>"; };
		548733581AC45D2100267D89 /* VC_NewSpecie.swift */ = {isa = PBXFileReference; fileEncoding = 4; lastKnownFileType = sourcecode.swift; path = VC_NewSpecie.swift; sourceTree = "<group>"; };
		5487335A1AC4663D00267D89 /* bonsai_img.png */ = {isa = PBXFileReference; lastKnownFileType = image.png; path = bonsai_img.png; sourceTree = "<group>"; };
		548A31531AB2152500AF2E72 /* VC_MyCustomCell.swift */ = {isa = PBXFileReference; fileEncoding = 4; lastKnownFileType = sourcecode.swift; path = VC_MyCustomCell.swift; sourceTree = "<group>"; };
		54A2829A1AA4D78E0060DA60 /* ElQuintoPino.app */ = {isa = PBXFileReference; explicitFileType = wrapper.application; includeInIndex = 0; path = ElQuintoPino.app; sourceTree = BUILT_PRODUCTS_DIR; };
		54A2829E1AA4D78E0060DA60 /* Info.plist */ = {isa = PBXFileReference; lastKnownFileType = text.plist.xml; path = Info.plist; sourceTree = "<group>"; };
		54A2829F1AA4D78E0060DA60 /* AppDelegate.swift */ = {isa = PBXFileReference; lastKnownFileType = sourcecode.swift; path = AppDelegate.swift; sourceTree = "<group>"; };
		54A282A41AA4D78E0060DA60 /* Base */ = {isa = PBXFileReference; lastKnownFileType = file.storyboard; name = Base; path = Base.lproj/Main.storyboard; sourceTree = "<group>"; };
		54A282A61AA4D78E0060DA60 /* Images.xcassets */ = {isa = PBXFileReference; lastKnownFileType = folder.assetcatalog; path = Images.xcassets; sourceTree = "<group>"; };
		54A282A91AA4D78E0060DA60 /* Base */ = {isa = PBXFileReference; lastKnownFileType = file.xib; name = Base; path = Base.lproj/LaunchScreen.xib; sourceTree = "<group>"; };
		54A282AF1AA4D78E0060DA60 /* ElQuintoPinoTests.xctest */ = {isa = PBXFileReference; explicitFileType = wrapper.cfbundle; includeInIndex = 0; path = ElQuintoPinoTests.xctest; sourceTree = BUILT_PRODUCTS_DIR; };
		54A282B41AA4D78E0060DA60 /* Info.plist */ = {isa = PBXFileReference; lastKnownFileType = text.plist.xml; path = Info.plist; sourceTree = "<group>"; };
		54A282B51AA4D78E0060DA60 /* ElQuintoPinoTests.swift */ = {isa = PBXFileReference; lastKnownFileType = sourcecode.swift; path = ElQuintoPinoTests.swift; sourceTree = "<group>"; };
		54C579541AAA50DD001BD075 /* CSpecie.swift */ = {isa = PBXFileReference; fileEncoding = 4; lastKnownFileType = sourcecode.swift; path = CSpecie.swift; sourceTree = "<group>"; };
		54D202081AA6277F005884EC /* default.png */ = {isa = PBXFileReference; lastKnownFileType = image.png; path = default.png; sourceTree = "<group>"; };
		54D2020A1AA6416C005884EC /* CBonsai.swift */ = {isa = PBXFileReference; fileEncoding = 4; lastKnownFileType = sourcecode.swift; name = CBonsai.swift; path = ../CBonsai.swift; sourceTree = "<group>"; };
		54DA874E1ABC6B4600C324A9 /* VC_ImageController.swift */ = {isa = PBXFileReference; fileEncoding = 4; lastKnownFileType = sourcecode.swift; path = VC_ImageController.swift; sourceTree = "<group>"; };
		54FD92F41AB32C2900E845AE /* BonsaiConverter.swift */ = {isa = PBXFileReference; fileEncoding = 4; lastKnownFileType = sourcecode.swift; path = BonsaiConverter.swift; sourceTree = "<group>"; };
		54FD92F81AB3479F00E845AE /* calendar-icon.png */ = {isa = PBXFileReference; lastKnownFileType = image.png; path = "calendar-icon.png"; sourceTree = "<group>"; };
		54FD92F91AB3479F00E845AE /* logs-icon.png */ = {isa = PBXFileReference; lastKnownFileType = image.png; path = "logs-icon.png"; sourceTree = "<group>"; };
		54FD92FA1AB3479F00E845AE /* pots-icon.png */ = {isa = PBXFileReference; lastKnownFileType = image.png; path = "pots-icon.png"; sourceTree = "<group>"; };
		54FD92FB1AB3479F00E845AE /* statistics-icon.png */ = {isa = PBXFileReference; lastKnownFileType = image.png; path = "statistics-icon.png"; sourceTree = "<group>"; };
/* End PBXFileReference section */

/* Begin PBXFrameworksBuildPhase section */
		54A282971AA4D78E0060DA60 /* Frameworks */ = {
			isa = PBXFrameworksBuildPhase;
			buildActionMask = 2147483647;
			files = (
			);
			runOnlyForDeploymentPostprocessing = 0;
		};
		54A282AC1AA4D78E0060DA60 /* Frameworks */ = {
			isa = PBXFrameworksBuildPhase;
			buildActionMask = 2147483647;
			files = (
			);
			runOnlyForDeploymentPostprocessing = 0;
		};
/* End PBXFrameworksBuildPhase section */

/* Begin PBXGroup section */
		543B3F8D1AA926280009F693 /* Controllers */ = {
			isa = PBXGroup;
			children = (
				543B3F951AA928240009F693 /* VC_LogsTableView.swift */,
				543B3F8E1AA927190009F693 /* VC_BonsaiViewController.swift */,
				543B3F8F1AA927190009F693 /* VC_DetailView.swift */,
				548733581AC45D2100267D89 /* VC_NewSpecie.swift */,
				540982521ABB1AD500641B77 /* VC_CollectionView.swift */,
				548A31531AB2152500AF2E72 /* VC_MyCustomCell.swift */,
				540982541ABB326600641B77 /* VC_BigPicture.swift */,
				54DA874E1ABC6B4600C324A9 /* VC_ImageController.swift */,
				543B3F901AA927190009F693 /* ViewController.swift */,
			);
			path = Controllers;
			sourceTree = "<group>";
		};
		543B3F941AA927C20009F693 /* Classes */ = {
			isa = PBXGroup;
			children = (
				54D2020A1AA6416C005884EC /* CBonsai.swift */,
				54C579541AAA50DD001BD075 /* CSpecie.swift */,
				54FD92F41AB32C2900E845AE /* BonsaiConverter.swift */,
			);
			path = Classes;
			sourceTree = "<group>";
		};
		54A282911AA4D78D0060DA60 = {
			isa = PBXGroup;
			children = (
				54A2829C1AA4D78E0060DA60 /* ElQuintoPino */,
				54A282B21AA4D78E0060DA60 /* ElQuintoPinoTests */,
				54A2829B1AA4D78E0060DA60 /* Products */,
			);
			sourceTree = "<group>";
		};
		54A2829B1AA4D78E0060DA60 /* Products */ = {
			isa = PBXGroup;
			children = (
				54A2829A1AA4D78E0060DA60 /* ElQuintoPino.app */,
				54A282AF1AA4D78E0060DA60 /* ElQuintoPinoTests.xctest */,
			);
			name = Products;
			sourceTree = "<group>";
		};
		54A2829C1AA4D78E0060DA60 /* ElQuintoPino */ = {
			isa = PBXGroup;
			children = (
				543B3F8D1AA926280009F693 /* Controllers */,
				543B3F941AA927C20009F693 /* Classes */,
				54A282A31AA4D78E0060DA60 /* Main.storyboard */,
				54A2829F1AA4D78E0060DA60 /* AppDelegate.swift */,
				54A282A61AA4D78E0060DA60 /* Images.xcassets */,
				54A282A81AA4D78E0060DA60 /* LaunchScreen.xib */,
				54A2829D1AA4D78E0060DA60 /* Supporting Files */,
			);
			path = ElQuintoPino;
			sourceTree = "<group>";
		};
		54A2829D1AA4D78E0060DA60 /* Supporting Files */ = {
			isa = PBXGroup;
			children = (
				54FD92F61AB3479F00E845AE /* images_5pino */,
				54D202081AA6277F005884EC /* default.png */,
				54A2829E1AA4D78E0060DA60 /* Info.plist */,
			);
			name = "Supporting Files";
			sourceTree = "<group>";
		};
		54A282B21AA4D78E0060DA60 /* ElQuintoPinoTests */ = {
			isa = PBXGroup;
			children = (
				54A282B51AA4D78E0060DA60 /* ElQuintoPinoTests.swift */,
				54A282B31AA4D78E0060DA60 /* Supporting Files */,
			);
			path = ElQuintoPinoTests;
			sourceTree = "<group>";
		};
		54A282B31AA4D78E0060DA60 /* Supporting Files */ = {
			isa = PBXGroup;
			children = (
				54A282B41AA4D78E0060DA60 /* Info.plist */,
			);
			name = "Supporting Files";
			sourceTree = "<group>";
		};
		54FD92F61AB3479F00E845AE /* images_5pino */ = {
			isa = PBXGroup;
			children = (
				5487335A1AC4663D00267D89 /* bonsai_img.png */,
				548733561AC45B0000267D89 /* bonsai-icon_peke.png */,
				54FD92F81AB3479F00E845AE /* calendar-icon.png */,
				54FD92F91AB3479F00E845AE /* logs-icon.png */,
				54FD92FA1AB3479F00E845AE /* pots-icon.png */,
				54FD92FB1AB3479F00E845AE /* statistics-icon.png */,
			);
			path = images_5pino;
			sourceTree = "<group>";
		};
/* End PBXGroup section */

/* Begin PBXNativeTarget section */
		54A282991AA4D78E0060DA60 /* ElQuintoPino */ = {
			isa = PBXNativeTarget;
			buildConfigurationList = 54A282B91AA4D78E0060DA60 /* Build configuration list for PBXNativeTarget "ElQuintoPino" */;
			buildPhases = (
				54A282961AA4D78E0060DA60 /* Sources */,
				54A282971AA4D78E0060DA60 /* Frameworks */,
				54A282981AA4D78E0060DA60 /* Resources */,
			);
			buildRules = (
			);
			dependencies = (
			);
			name = ElQuintoPino;
			productName = ElQuintoPino;
			productReference = 54A2829A1AA4D78E0060DA60 /* ElQuintoPino.app */;
			productType = "com.apple.product-type.application";
		};
		54A282AE1AA4D78E0060DA60 /* ElQuintoPinoTests */ = {
			isa = PBXNativeTarget;
			buildConfigurationList = 54A282BC1AA4D78E0060DA60 /* Build configuration list for PBXNativeTarget "ElQuintoPinoTests" */;
			buildPhases = (
				54A282AB1AA4D78E0060DA60 /* Sources */,
				54A282AC1AA4D78E0060DA60 /* Frameworks */,
				54A282AD1AA4D78E0060DA60 /* Resources */,
			);
			buildRules = (
			);
			dependencies = (
				54A282B11AA4D78E0060DA60 /* PBXTargetDependency */,
			);
			name = ElQuintoPinoTests;
			productName = ElQuintoPinoTests;
			productReference = 54A282AF1AA4D78E0060DA60 /* ElQuintoPinoTests.xctest */;
			productType = "com.apple.product-type.bundle.unit-test";
		};
/* End PBXNativeTarget section */

/* Begin PBXProject section */
		54A282921AA4D78E0060DA60 /* Project object */ = {
			isa = PBXProject;
			attributes = {
				LastUpgradeCheck = 0610;
				ORGANIZATIONNAME = "Ferran Olivella";
				TargetAttributes = {
					54A282991AA4D78E0060DA60 = {
						CreatedOnToolsVersion = 6.1.1;
					};
					54A282AE1AA4D78E0060DA60 = {
						CreatedOnToolsVersion = 6.1.1;
						TestTargetID = 54A282991AA4D78E0060DA60;
					};
				};
			};
			buildConfigurationList = 54A282951AA4D78E0060DA60 /* Build configuration list for PBXProject "ElQuintoPino" */;
			compatibilityVersion = "Xcode 3.2";
			developmentRegion = English;
			hasScannedForEncodings = 0;
			knownRegions = (
				en,
				Base,
			);
			mainGroup = 54A282911AA4D78D0060DA60;
			productRefGroup = 54A2829B1AA4D78E0060DA60 /* Products */;
			projectDirPath = "";
			projectRoot = "";
			targets = (
				54A282991AA4D78E0060DA60 /* ElQuintoPino */,
				54A282AE1AA4D78E0060DA60 /* ElQuintoPinoTests */,
			);
		};
/* End PBXProject section */

/* Begin PBXResourcesBuildPhase section */
		54A282981AA4D78E0060DA60 /* Resources */ = {
			isa = PBXResourcesBuildPhase;
			buildActionMask = 2147483647;
			files = (
				54A282A51AA4D78E0060DA60 /* Main.storyboard in Resources */,
				54FD93001AB3479F00E845AE /* statistics-icon.png in Resources */,
				54FD92FE1AB3479F00E845AE /* logs-icon.png in Resources */,
				54A282AA1AA4D78E0060DA60 /* LaunchScreen.xib in Resources */,
				548733571AC45B0000267D89 /* bonsai-icon_peke.png in Resources */,
				54FD92FF1AB3479F00E845AE /* pots-icon.png in Resources */,
				54A282A71AA4D78E0060DA60 /* Images.xcassets in Resources */,
				5487335B1AC4663D00267D89 /* bonsai_img.png in Resources */,
				54FD92FD1AB3479F00E845AE /* calendar-icon.png in Resources */,
				54D202091AA6277F005884EC /* default.png in Resources */,
			);
			runOnlyForDeploymentPostprocessing = 0;
		};
		54A282AD1AA4D78E0060DA60 /* Resources */ = {
			isa = PBXResourcesBuildPhase;
			buildActionMask = 2147483647;
			files = (
			);
			runOnlyForDeploymentPostprocessing = 0;
		};
/* End PBXResourcesBuildPhase section */

/* Begin PBXSourcesBuildPhase section */
		54A282961AA4D78E0060DA60 /* Sources */ = {
			isa = PBXSourcesBuildPhase;
			buildActionMask = 2147483647;
			files = (
				540982551ABB326600641B77 /* VC_BigPicture.swift in Sources */,
				543B3F921AA927190009F693 /* VC_DetailView.swift in Sources */,
				548A31541AB2152500AF2E72 /* VC_MyCustomCell.swift in Sources */,
				54C579551AAA50DD001BD075 /* CSpecie.swift in Sources */,
				540982531ABB1AD500641B77 /* VC_CollectionView.swift in Sources */,
				54FD92F51AB32C2900E845AE /* BonsaiConverter.swift in Sources */,
				54D2020B1AA6416C005884EC /* CBonsai.swift in Sources */,
				54A282A01AA4D78E0060DA60 /* AppDelegate.swift in Sources */,
				543B3F961AA928240009F693 /* VC_LogsTableView.swift in Sources */,
				543B3F931AA927190009F693 /* ViewController.swift in Sources */,
				54DA874F1ABC6B4600C324A9 /* VC_ImageController.swift in Sources */,
				548733591AC45D2100267D89 /* VC_NewSpecie.swift in Sources */,
				543B3F911AA927190009F693 /* VC_BonsaiViewController.swift in Sources */,
			);
			runOnlyForDeploymentPostprocessing = 0;
		};
		54A282AB1AA4D78E0060DA60 /* Sources */ = {
			isa = PBXSourcesBuildPhase;
			buildActionMask = 2147483647;
			files = (
				54A282B61AA4D78E0060DA60 /* ElQuintoPinoTests.swift in Sources */,
			);
			runOnlyForDeploymentPostprocessing = 0;
		};
/* End PBXSourcesBuildPhase section */

/* Begin PBXTargetDependency section */
		54A282B11AA4D78E0060DA60 /* PBXTargetDependency */ = {
			isa = PBXTargetDependency;
			target = 54A282991AA4D78E0060DA60 /* ElQuintoPino */;
			targetProxy = 54A282B01AA4D78E0060DA60 /* PBXContainerItemProxy */;
		};
/* End PBXTargetDependency section */

/* Begin PBXVariantGroup section */
		54A282A31AA4D78E0060DA60 /* Main.storyboard */ = {
			isa = PBXVariantGroup;
			children = (
				54A282A41AA4D78E0060DA60 /* Base */,
			);
			name = Main.storyboard;
			sourceTree = "<group>";
		};
		54A282A81AA4D78E0060DA60 /* LaunchScreen.xib */ = {
			isa = PBXVariantGroup;
			children = (
				54A282A91AA4D78E0060DA60 /* Base */,
			);
			name = LaunchScreen.xib;
			sourceTree = "<group>";
		};
/* End PBXVariantGroup section */

/* Begin XCBuildConfiguration section */
		54A282B71AA4D78E0060DA60 /* Debug */ = {
			isa = XCBuildConfiguration;
			buildSettings = {
				ALWAYS_SEARCH_USER_PATHS = NO;
				CLANG_CXX_LANGUAGE_STANDARD = "gnu++0x";
				CLANG_CXX_LIBRARY = "libc++";
				CLANG_ENABLE_MODULES = YES;
				CLANG_ENABLE_OBJC_ARC = YES;
				CLANG_WARN_BOOL_CONVERSION = YES;
				CLANG_WARN_CONSTANT_CONVERSION = YES;
				CLANG_WARN_DIRECT_OBJC_ISA_USAGE = YES_ERROR;
				CLANG_WARN_EMPTY_BODY = YES;
				CLANG_WARN_ENUM_CONVERSION = YES;
				CLANG_WARN_INT_CONVERSION = YES;
				CLANG_WARN_OBJC_ROOT_CLASS = YES_ERROR;
				CLANG_WARN_UNREACHABLE_CODE = YES;
				CLANG_WARN__DUPLICATE_METHOD_MATCH = YES;
				"CODE_SIGN_IDENTITY[sdk=iphoneos*]" = "iPhone Developer";
				COPY_PHASE_STRIP = NO;
				ENABLE_STRICT_OBJC_MSGSEND = YES;
				GCC_C_LANGUAGE_STANDARD = gnu99;
				GCC_DYNAMIC_NO_PIC = NO;
				GCC_OPTIMIZATION_LEVEL = 0;
				GCC_PREPROCESSOR_DEFINITIONS = (
					"DEBUG=1",
					"$(inherited)",
				);
				GCC_SYMBOLS_PRIVATE_EXTERN = NO;
				GCC_WARN_64_TO_32_BIT_CONVERSION = YES;
				GCC_WARN_ABOUT_RETURN_TYPE = YES_ERROR;
				GCC_WARN_UNDECLARED_SELECTOR = YES;
				GCC_WARN_UNINITIALIZED_AUTOS = YES_AGGRESSIVE;
				GCC_WARN_UNUSED_FUNCTION = YES;
				GCC_WARN_UNUSED_VARIABLE = YES;
				IPHONEOS_DEPLOYMENT_TARGET = 8.1;
				MTL_ENABLE_DEBUG_INFO = YES;
				ONLY_ACTIVE_ARCH = YES;
				SDKROOT = iphoneos;
				SWIFT_OPTIMIZATION_LEVEL = "-Onone";
			};
			name = Debug;
		};
		54A282B81AA4D78E0060DA60 /* Release */ = {
			isa = XCBuildConfiguration;
			buildSettings = {
				ALWAYS_SEARCH_USER_PATHS = NO;
				CLANG_CXX_LANGUAGE_STANDARD = "gnu++0x";
				CLANG_CXX_LIBRARY = "libc++";
				CLANG_ENABLE_MODULES = YES;
				CLANG_ENABLE_OBJC_ARC = YES;
				CLANG_WARN_BOOL_CONVERSION = YES;
				CLANG_WARN_CONSTANT_CONVERSION = YES;
				CLANG_WARN_DIRECT_OBJC_ISA_USAGE = YES_ERROR;
				CLANG_WARN_EMPTY_BODY = YES;
				CLANG_WARN_ENUM_CONVERSION = YES;
				CLANG_WARN_INT_CONVERSION = YES;
				CLANG_WARN_OBJC_ROOT_CLASS = YES_ERROR;
				CLANG_WARN_UNREACHABLE_CODE = YES;
				CLANG_WARN__DUPLICATE_METHOD_MATCH = YES;
				"CODE_SIGN_IDENTITY[sdk=iphoneos*]" = "iPhone Developer";
				COPY_PHASE_STRIP = YES;
				ENABLE_NS_ASSERTIONS = NO;
				ENABLE_STRICT_OBJC_MSGSEND = YES;
				GCC_C_LANGUAGE_STANDARD = gnu99;
				GCC_WARN_64_TO_32_BIT_CONVERSION = YES;
				GCC_WARN_ABOUT_RETURN_TYPE = YES_ERROR;
				GCC_WARN_UNDECLARED_SELECTOR = YES;
				GCC_WARN_UNINITIALIZED_AUTOS = YES_AGGRESSIVE;
				GCC_WARN_UNUSED_FUNCTION = YES;
				GCC_WARN_UNUSED_VARIABLE = YES;
				IPHONEOS_DEPLOYMENT_TARGET = 8.1;
				MTL_ENABLE_DEBUG_INFO = NO;
				SDKROOT = iphoneos;
				VALIDATE_PRODUCT = YES;
			};
			name = Release;
		};
		54A282BA1AA4D78E0060DA60 /* Debug */ = {
			isa = XCBuildConfiguration;
			buildSettings = {
				ASSETCATALOG_COMPILER_APPICON_NAME = AppIcon;
				INFOPLIST_FILE = ElQuintoPino/Info.plist;
				LD_RUNPATH_SEARCH_PATHS = "$(inherited) @executable_path/Frameworks";
				PRODUCT_NAME = "$(TARGET_NAME)";
			};
			name = Debug;
		};
		54A282BB1AA4D78E0060DA60 /* Release */ = {
			isa = XCBuildConfiguration;
			buildSettings = {
				ASSETCATALOG_COMPILER_APPICON_NAME = AppIcon;
				INFOPLIST_FILE = ElQuintoPino/Info.plist;
				LD_RUNPATH_SEARCH_PATHS = "$(inherited) @executable_path/Frameworks";
				PRODUCT_NAME = "$(TARGET_NAME)";
			};
			name = Release;
		};
		54A282BD1AA4D78E0060DA60 /* Debug */ = {
			isa = XCBuildConfiguration;
			buildSettings = {
				BUNDLE_LOADER = "$(TEST_HOST)";
				FRAMEWORK_SEARCH_PATHS = (
					"$(SDKROOT)/Developer/Library/Frameworks",
					"$(inherited)",
				);
				GCC_PREPROCESSOR_DEFINITIONS = (
					"DEBUG=1",
					"$(inherited)",
				);
				INFOPLIST_FILE = ElQuintoPinoTests/Info.plist;
				LD_RUNPATH_SEARCH_PATHS = "$(inherited) @executable_path/Frameworks @loader_path/Frameworks";
				PRODUCT_NAME = "$(TARGET_NAME)";
				TEST_HOST = "$(BUILT_PRODUCTS_DIR)/ElQuintoPino.app/ElQuintoPino";
			};
			name = Debug;
		};
		54A282BE1AA4D78E0060DA60 /* Release */ = {
			isa = XCBuildConfiguration;
			buildSettings = {
				BUNDLE_LOADER = "$(TEST_HOST)";
				FRAMEWORK_SEARCH_PATHS = (
					"$(SDKROOT)/Developer/Library/Frameworks",
					"$(inherited)",
				);
				INFOPLIST_FILE = ElQuintoPinoTests/Info.plist;
				LD_RUNPATH_SEARCH_PATHS = "$(inherited) @executable_path/Frameworks @loader_path/Frameworks";
				PRODUCT_NAME = "$(TARGET_NAME)";
				TEST_HOST = "$(BUILT_PRODUCTS_DIR)/ElQuintoPino.app/ElQuintoPino";
			};
			name = Release;
		};
/* End XCBuildConfiguration section */

/* Begin XCConfigurationList section */
		54A282951AA4D78E0060DA60 /* Build configuration list for PBXProject "ElQuintoPino" */ = {
			isa = XCConfigurationList;
			buildConfigurations = (
				54A282B71AA4D78E0060DA60 /* Debug */,
				54A282B81AA4D78E0060DA60 /* Release */,
			);
			defaultConfigurationIsVisible = 0;
			defaultConfigurationName = Release;
		};
		54A282B91AA4D78E0060DA60 /* Build configuration list for PBXNativeTarget "ElQuintoPino" */ = {
			isa = XCConfigurationList;
			buildConfigurations = (
				54A282BA1AA4D78E0060DA60 /* Debug */,
				54A282BB1AA4D78E0060DA60 /* Release */,
			);
			defaultConfigurationIsVisible = 0;
			defaultConfigurationName = Release;
		};
		54A282BC1AA4D78E0060DA60 /* Build configuration list for PBXNativeTarget "ElQuintoPinoTests" */ = {
			isa = XCConfigurationList;
			buildConfigurations = (
				54A282BD1AA4D78E0060DA60 /* Debug */,
				54A282BE1AA4D78E0060DA60 /* Release */,
			);
			defaultConfigurationIsVisible = 0;
			defaultConfigurationName = Release;
		};
/* End XCConfigurationList section */
	};
	rootObject = 54A282921AA4D78E0060DA60 /* Project object */;
}
